// !$*UTF8*$!
{
	archiveVersion = 1;
	classes = {
	};
	objectVersion = 46;
	objects = {

/* Begin PBXBuildFile section */
		3C9333921A3794A2002EDD6F /* main.m in Sources */ = {isa = PBXBuildFile; fileRef = 3C9333911A3794A2002EDD6F /* main.m */; };
		3C9333951A3794A2002EDD6F /* AppDelegate.m in Sources */ = {isa = PBXBuildFile; fileRef = 3C9333941A3794A2002EDD6F /* AppDelegate.m */; };
		3C9333981A3794A2002EDD6F /* ViewController.m in Sources */ = {isa = PBXBuildFile; fileRef = 3C9333971A3794A2002EDD6F /* ViewController.m */; };
		3C93339B1A3794A2002EDD6F /* Main.storyboard in Resources */ = {isa = PBXBuildFile; fileRef = 3C9333991A3794A2002EDD6F /* Main.storyboard */; };
		3C93339D1A3794A2002EDD6F /* Images.xcassets in Resources */ = {isa = PBXBuildFile; fileRef = 3C93339C1A3794A2002EDD6F /* Images.xcassets */; };
		3C9333A01A3794A2002EDD6F /* LaunchScreen.xib in Resources */ = {isa = PBXBuildFile; fileRef = 3C93339E1A3794A2002EDD6F /* LaunchScreen.xib */; };
		3C9333AC1A3794A2002EDD6F /* LandscapeMovieTests.m in Sources */ = {isa = PBXBuildFile; fileRef = 3C9333AB1A3794A2002EDD6F /* LandscapeMovieTests.m */; };
/* End PBXBuildFile section */

/* Begin PBXContainerItemProxy section */
		3C9333A61A3794A2002EDD6F /* PBXContainerItemProxy */ = {
			isa = PBXContainerItemProxy;
			containerPortal = 3C9333841A3794A2002EDD6F /* Project object */;
			proxyType = 1;
			remoteGlobalIDString = 3C93338B1A3794A2002EDD6F;
			remoteInfo = LandscapeMovie;
		};
/* End PBXContainerItemProxy section */

/* Begin PBXFileReference section */
		3C93338C1A3794A2002EDD6F /* LandscapeMovie.app */ = {isa = PBXFileReference; explicitFileType = wrapper.application; includeInIndex = 0; path = LandscapeMovie.app; sourceTree = BUILT_PRODUCTS_DIR; };
		3C9333901A3794A2002EDD6F /* Info.plist */ = {isa = PBXFileReference; lastKnownFileType = text.plist.xml; path = Info.plist; sourceTree = "<group>"; };
		3C9333911A3794A2002EDD6F /* main.m */ = {isa = PBXFileReference; lastKnownFileType = sourcecode.c.objc; path = main.m; sourceTree = "<group>"; };
		3C9333931A3794A2002EDD6F /* AppDelegate.h */ = {isa = PBXFileReference; lastKnownFileType = sourcecode.c.h; path = AppDelegate.h; sourceTree = "<group>"; };
		3C9333941A3794A2002EDD6F /* AppDelegate.m */ = {isa = PBXFileReference; lastKnownFileType = sourcecode.c.objc; path = AppDelegate.m; sourceTree = "<group>"; };
		3C9333961A3794A2002EDD6F /* ViewController.h */ = {isa = PBXFileReference; lastKnownFileType = sourcecode.c.h; path = ViewController.h; sourceTree = "<group>"; };
		3C9333971A3794A2002EDD6F /* ViewController.m */ = {isa = PBXFileReference; lastKnownFileType = sourcecode.c.objc; path = ViewController.m; sourceTree = "<group>"; };
		3C93339A1A3794A2002EDD6F /* Base */ = {isa = PBXFileReference; lastKnownFileType = file.storyboard; name = Base; path = Base.lproj/Main.storyboard; sourceTree = "<group>"; };
		3C93339C1A3794A2002EDD6F /* Images.xcassets */ = {isa = PBXFileReference; lastKnownFileType = folder.assetcatalog; path = Images.xcassets; sourceTree = "<group>"; };
		3C93339F1A3794A2002EDD6F /* Base */ = {isa = PBXFileReference; lastKnownFileType = file.xib; name = Base; path = Base.lproj/LaunchScreen.xib; sourceTree = "<group>"; };
		3C9333A51A3794A2002EDD6F /* LandscapeMovieTests.xctest */ = {isa = PBXFileReference; explicitFileType = wrapper.cfbundle; includeInIndex = 0; path = LandscapeMovieTests.xctest; sourceTree = BUILT_PRODUCTS_DIR; };
		3C9333AA1A3794A2002EDD6F /* Info.plist */ = {isa = PBXFileReference; lastKnownFileType = text.plist.xml; path = Info.plist; sourceTree = "<group>"; };
		3C9333AB1A3794A2002EDD6F /* LandscapeMovieTests.m */ = {isa = PBXFileReference; lastKnownFileType = sourcecode.c.objc; path = LandscapeMovieTests.m; sourceTree = "<group>"; };
/* End PBXFileReference section */

/* Begin PBXFrameworksBuildPhase section */
		3C9333891A3794A2002EDD6F /* Frameworks */ = {
			isa = PBXFrameworksBuildPhase;
			buildActionMask = 2147483647;
			files = (
			);
			runOnlyForDeploymentPostprocessing = 0;
		};
		3C9333A21A3794A2002EDD6F /* Frameworks */ = {
			isa = PBXFrameworksBuildPhase;
			buildActionMask = 2147483647;
			files = (
			);
			runOnlyForDeploymentPostprocessing = 0;
		};
/* End PBXFrameworksBuildPhase section */

/* Begin PBXGroup section */
		3C9333831A3794A2002EDD6F = {
			isa = PBXGroup;
			children = (
				3C93338E1A3794A2002EDD6F /* LandscapeMovie */,
				3C9333A81A3794A2002EDD6F /* LandscapeMovieTests */,
				3C93338D1A3794A2002EDD6F /* Products */,
			);
			sourceTree = "<group>";
		};
		3C93338D1A3794A2002EDD6F /* Products */ = {
			isa = PBXGroup;
			children = (
				3C93338C1A3794A2002EDD6F /* LandscapeMovie.app */,
				3C9333A51A3794A2002EDD6F /* LandscapeMovieTests.xctest */,
			);
			name = Products;
			sourceTree = "<group>";
		};
		3C93338E1A3794A2002EDD6F /* LandscapeMovie */ = {
			isa = PBXGroup;
			children = (
				3C9333931A3794A2002EDD6F /* AppDelegate.h */,
				3C9333941A3794A2002EDD6F /* AppDelegate.m */,
				3C9333961A3794A2002EDD6F /* ViewController.h */,
				3C9333971A3794A2002EDD6F /* ViewController.m */,
				3C9333991A3794A2002EDD6F /* Main.storyboard */,
				3C93339C1A3794A2002EDD6F /* Images.xcassets */,
				3C93339E1A3794A2002EDD6F /* LaunchScreen.xib */,
				3C93338F1A3794A2002EDD6F /* Supporting Files */,
			);
			path = LandscapeMovie;
			sourceTree = "<group>";
		};
		3C93338F1A3794A2002EDD6F /* Supporting Files */ = {
			isa = PBXGroup;
			children = (
				3C9333901A3794A2002EDD6F /* Info.plist */,
				3C9333911A3794A2002EDD6F /* main.m */,
			);
			name = "Supporting Files";
			sourceTree = "<group>";
		};
		3C9333A81A3794A2002EDD6F /* LandscapeMovieTests */ = {
			isa = PBXGroup;
			children = (
				3C9333AB1A3794A2002EDD6F /* LandscapeMovieTests.m */,
				3C9333A91A3794A2002EDD6F /* Supporting Files */,
			);
			path = LandscapeMovieTests;
			sourceTree = "<group>";
		};
		3C9333A91A3794A2002EDD6F /* Supporting Files */ = {
			isa = PBXGroup;
			children = (
				3C9333AA1A3794A2002EDD6F /* Info.plist */,
			);
			name = "Supporting Files";
			sourceTree = "<group>";
		};
/* End PBXGroup section */

/* Begin PBXNativeTarget section */
		3C93338B1A3794A2002EDD6F /* LandscapeMovie */ = {
			isa = PBXNativeTarget;
			buildConfigurationList = 3C9333AF1A3794A2002EDD6F /* Build configuration list for PBXNativeTarget "LandscapeMovie" */;
			buildPhases = (
				3C9333881A3794A2002EDD6F /* Sources */,
				3C9333891A3794A2002EDD6F /* Frameworks */,
				3C93338A1A3794A2002EDD6F /* Resources */,
			);
			buildRules = (
			);
			dependencies = (
			);
			name = LandscapeMovie;
			productName = LandscapeMovie;
			productReference = 3C93338C1A3794A2002EDD6F /* LandscapeMovie.app */;
			productType = "com.apple.product-type.application";
		};
		3C9333A41A3794A2002EDD6F /* LandscapeMovieTests */ = {
			isa = PBXNativeTarget;
			buildConfigurationList = 3C9333B21A3794A2002EDD6F /* Build configuration list for PBXNativeTarget "LandscapeMovieTests" */;
			buildPhases = (
				3C9333A11A3794A2002EDD6F /* Sources */,
				3C9333A21A3794A2002EDD6F /* Frameworks */,
				3C9333A31A3794A2002EDD6F /* Resources */,
			);
			buildRules = (
			);
			dependencies = (
				3C9333A71A3794A2002EDD6F /* PBXTargetDependency */,
			);
			name = LandscapeMovieTests;
			productName = LandscapeMovieTests;
			productReference = 3C9333A51A3794A2002EDD6F /* LandscapeMovieTests.xctest */;
			productType = "com.apple.product-type.bundle.unit-test";
		};
/* End PBXNativeTarget section */

/* Begin PBXProject section */
		3C9333841A3794A2002EDD6F /* Project object */ = {
			isa = PBXProject;
			attributes = {
				LastUpgradeCheck = 0610;
				ORGANIZATIONNAME = "helpurock software";
				TargetAttributes = {
					3C93338B1A3794A2002EDD6F = {
						CreatedOnToolsVersion = 6.1;
					};
					3C9333A41A3794A2002EDD6F = {
						CreatedOnToolsVersion = 6.1;
						TestTargetID = 3C93338B1A3794A2002EDD6F;
					};
				};
			};
			buildConfigurationList = 3C9333871A3794A2002EDD6F /* Build configuration list for PBXProject "LandscapeMovie" */;
			compatibilityVersion = "Xcode 3.2";
			developmentRegion = English;
			hasScannedForEncodings = 0;
			knownRegions = (
				en,
				Base,
			);
			mainGroup = 3C9333831A3794A2002EDD6F;
			productRefGroup = 3C93338D1A3794A2002EDD6F /* Products */;
			projectDirPath = "";
			projectRoot = "";
			targets = (
				3C93338B1A3794A2002EDD6F /* LandscapeMovie */,
				3C9333A41A3794A2002EDD6F /* LandscapeMovieTests */,
			);
		};
/* End PBXProject section */

/* Begin PBXResourcesBuildPhase section */
		3C93338A1A3794A2002EDD6F /* Resources */ = {
			isa = PBXResourcesBuildPhase;
			buildActionMask = 2147483647;
			files = (
				3C93339B1A3794A2002EDD6F /* Main.storyboard in Resources */,
				3C9333A01A3794A2002EDD6F /* LaunchScreen.xib in Resources */,
				3C93339D1A3794A2002EDD6F /* Images.xcassets in Resources */,
			);
			runOnlyForDeploymentPostprocessing = 0;
		};
		3C9333A31A3794A2002EDD6F /* Resources */ = {
			isa = PBXResourcesBuildPhase;
			buildActionMask = 2147483647;
			files = (
			);
			runOnlyForDeploymentPostprocessing = 0;
		};
/* End PBXResourcesBuildPhase section */

/* Begin PBXSourcesBuildPhase section */
		3C9333881A3794A2002EDD6F /* Sources */ = {
			isa = PBXSourcesBuildPhase;
			buildActionMask = 2147483647;
			files = (
				3C9333981A3794A2002EDD6F /* ViewController.m in Sources */,
				3C9333951A3794A2002EDD6F /* AppDelegate.m in Sources */,
				3C9333921A3794A2002EDD6F /* main.m in Sources */,
			);
			runOnlyForDeploymentPostprocessing = 0;
		};
		3C9333A11A3794A2002EDD6F /* Sources */ = {
			isa = PBXSourcesBuildPhase;
			buildActionMask = 2147483647;
			files = (
				3C9333AC1A3794A2002EDD6F /* LandscapeMovieTests.m in Sources */,
			);
			runOnlyForDeploymentPostprocessing = 0;
		};
/* End PBXSourcesBuildPhase section */

/* Begin PBXTargetDependency section */
		3C9333A71A3794A2002EDD6F /* PBXTargetDependency */ = {
			isa = PBXTargetDependency;
			target = 3C93338B1A3794A2002EDD6F /* LandscapeMovie */;
			targetProxy = 3C9333A61A3794A2002EDD6F /* PBXContainerItemProxy */;
		};
/* End PBXTargetDependency section */

/* Begin PBXVariantGroup section */
		3C9333991A3794A2002EDD6F /* Main.storyboard */ = {
			isa = PBXVariantGroup;
			children = (
				3C93339A1A3794A2002EDD6F /* Base */,
			);
			name = Main.storyboard;
			sourceTree = "<group>";
		};
		3C93339E1A3794A2002EDD6F /* LaunchScreen.xib */ = {
			isa = PBXVariantGroup;
			children = (
				3C93339F1A3794A2002EDD6F /* Base */,
			);
			name = LaunchScreen.xib;
			sourceTree = "<group>";
		};
/* End PBXVariantGroup section */

/* Begin XCBuildConfiguration section */
		3C9333AD1A3794A2002EDD6F /* Debug */ = {
			isa = XCBuildConfiguration;
			buildSettings = {
				ALWAYS_SEARCH_USER_PATHS = NO;
				CLANG_CXX_LANGUAGE_STANDARD = "gnu++0x";
				CLANG_CXX_LIBRARY = "libc++";
				CLANG_ENABLE_MODULES = YES;
				CLANG_ENABLE_OBJC_ARC = YES;
				CLANG_WARN_BOOL_CONVERSION = YES;
				CLANG_WARN_CONSTANT_CONVERSION = YES;
				CLANG_WARN_DIRECT_OBJC_ISA_USAGE = YES_ERROR;
				CLANG_WARN_EMPTY_BODY = YES;
				CLANG_WARN_ENUM_CONVERSION = YES;
				CLANG_WARN_INT_CONVERSION = YES;
				CLANG_WARN_OBJC_ROOT_CLASS = YES_ERROR;
				CLANG_WARN_UNREACHABLE_CODE = YES;
				CLANG_WARN__DUPLICATE_METHOD_MATCH = YES;
				"CODE_SIGN_IDENTITY[sdk=iphoneos*]" = "iPhone Developer";
				COPY_PHASE_STRIP = NO;
				ENABLE_STRICT_OBJC_MSGSEND = YES;
				GCC_C_LANGUAGE_STANDARD = gnu99;
				GCC_DYNAMIC_NO_PIC = NO;
				GCC_OPTIMIZATION_LEVEL = 0;
				GCC_PREPROCESSOR_DEFINITIONS = (
					"DEBUG=1",
					"$(inherited)",
				);
				GCC_SYMBOLS_PRIVATE_EXTERN = NO;
				GCC_WARN_64_TO_32_BIT_CONVERSION = YES;
				GCC_WARN_ABOUT_RETURN_TYPE = YES_ERROR;
				GCC_WARN_UNDECLARED_SELECTOR = YES;
				GCC_WARN_UNINITIALIZED_AUTOS = YES_AGGRESSIVE;
				GCC_WARN_UNUSED_FUNCTION = YES;
				GCC_WARN_UNUSED_VARIABLE = YES;
				IPHONEOS_DEPLOYMENT_TARGET = 8.1;
				MTL_ENABLE_DEBUG_INFO = YES;
				ONLY_ACTIVE_ARCH = YES;
				SDKROOT = iphoneos;
				TARGETED_DEVICE_FAMILY = "1,2";
			};
			name = Debug;
		};
		3C9333AE1A3794A2002EDD6F /* Release */ = {
			isa = XCBuildConfiguration;
			buildSettings = {
				ALWAYS_SEARCH_USER_PATHS = NO;
				CLANG_CXX_LANGUAGE_STANDARD = "gnu++0x";
				CLANG_CXX_LIBRARY = "libc++";
				CLANG_ENABLE_MODULES = YES;
				CLANG_ENABLE_OBJC_ARC = YES;
				CLANG_WARN_BOOL_CONVERSION = YES;
				CLANG_WARN_CONSTANT_CONVERSION = YES;
				CLANG_WARN_DIRECT_OBJC_ISA_USAGE = YES_ERROR;
				CLANG_WARN_EMPTY_BODY = YES;
				CLANG_WARN_ENUM_CONVERSION = YES;
				CLANG_WARN_INT_CONVERSION = YES;
				CLANG_WARN_OBJC_ROOT_CLASS = YES_ERROR;
				CLANG_WARN_UNREACHABLE_CODE = YES;
				CLANG_WARN__DUPLICATE_METHOD_MATCH = YES;
				"CODE_SIGN_IDENTITY[sdk=iphoneos*]" = "iPhone Developer";
				COPY_PHASE_STRIP = YES;
				ENABLE_NS_ASSERTIONS = NO;
				ENABLE_STRICT_OBJC_MSGSEND = YES;
				GCC_C_LANGUAGE_STANDARD = gnu99;
				GCC_WARN_64_TO_32_BIT_CONVERSION = YES;
				GCC_WARN_ABOUT_RETURN_TYPE = YES_ERROR;
				GCC_WARN_UNDECLARED_SELECTOR = YES;
				GCC_WARN_UNINITIALIZED_AUTOS = YES_AGGRESSIVE;
				GCC_WARN_UNUSED_FUNCTION = YES;
				GCC_WARN_UNUSED_VARIABLE = YES;
				IPHONEOS_DEPLOYMENT_TARGET = 8.1;
				MTL_ENABLE_DEBUG_INFO = NO;
				SDKROOT = iphoneos;
				TARGETED_DEVICE_FAMILY = "1,2";
				VALIDATE_PRODUCT = YES;
			};
			name = Release;
		};
		3C9333B01A3794A2002EDD6F /* Debug */ = {
			isa = XCBuildConfiguration;
			buildSettings = {
				ASSETCATALOG_COMPILER_APPICON_NAME = AppIcon;
				INFOPLIST_FILE = LandscapeMovie/Info.plist;
				LD_RUNPATH_SEARCH_PATHS = "$(inherited) @executable_path/Frameworks";
				PRODUCT_NAME = "$(TARGET_NAME)";
			};
			name = Debug;
		};
		3C9333B11A3794A2002EDD6F /* Release */ = {
			isa = XCBuildConfiguration;
			buildSettings = {
				ASSETCATALOG_COMPILER_APPICON_NAME = AppIcon;
				INFOPLIST_FILE = LandscapeMovie/Info.plist;
				LD_RUNPATH_SEARCH_PATHS = "$(inherited) @executable_path/Frameworks";
				PRODUCT_NAME = "$(TARGET_NAME)";
			};
			name = Release;
		};
		3C9333B31A3794A2002EDD6F /* Debug */ = {
			isa = XCBuildConfiguration;
			buildSettings = {
				BUNDLE_LOADER = "$(TEST_HOST)";
				FRAMEWORK_SEARCH_PATHS = (
					"$(SDKROOT)/Developer/Library/Frameworks",
					"$(inherited)",
				);
				GCC_PREPROCESSOR_DEFINITIONS = (
					"DEBUG=1",
					"$(inherited)",
				);
				INFOPLIST_FILE = LandscapeMovieTests/Info.plist;
				LD_RUNPATH_SEARCH_PATHS = "$(inherited) @executable_path/Frameworks @loader_path/Frameworks";
				PRODUCT_NAME = "$(TARGET_NAME)";
				TEST_HOST = "$(BUILT_PRODUCTS_DIR)/LandscapeMovie.app/LandscapeMovie";
			};
			name = Debug;
		};
		3C9333B41A3794A2002EDD6F /* Release */ = {
			isa = XCBuildConfiguration;
			buildSettings = {
				BUNDLE_LOADER = "$(TEST_HOST)";
				FRAMEWORK_SEARCH_PATHS = (
					"$(SDKROOT)/Developer/Library/Frameworks",
					"$(inherited)",
				);
				INFOPLIST_FILE = LandscapeMovieTests/Info.plist;
				LD_RUNPATH_SEARCH_PATHS = "$(inherited) @executable_path/Frameworks @loader_path/Frameworks";
				PRODUCT_NAME = "$(TARGET_NAME)";
				TEST_HOST = "$(BUILT_PRODUCTS_DIR)/LandscapeMovie.app/LandscapeMovie";
			};
			name = Release;
		};
/* End XCBuildConfiguration section */

/* Begin XCConfigurationList section */
		3C9333871A3794A2002EDD6F /* Build configuration list for PBXProject "LandscapeMovie" */ = {
			isa = XCConfigurationList;
			buildConfigurations = (
				3C9333AD1A3794A2002EDD6F /* Debug */,
				3C9333AE1A3794A2002EDD6F /* Release */,
			);
			defaultConfigurationIsVisible = 0;
			defaultConfigurationName = Release;
		};
		3C9333AF1A3794A2002EDD6F /* Build configuration list for PBXNativeTarget "LandscapeMovie" */ = {
			isa = XCConfigurationList;
			buildConfigurations = (
				3C9333B01A3794A2002EDD6F /* Debug */,
				3C9333B11A3794A2002EDD6F /* Release */,
			);
			defaultConfigurationIsVisible = 0;
		};
		3C9333B21A3794A2002EDD6F /* Build configuration list for PBXNativeTarget "LandscapeMovieTests" */ = {
			isa = XCConfigurationList;
			buildConfigurations = (
				3C9333B31A3794A2002EDD6F /* Debug */,
				3C9333B41A3794A2002EDD6F /* Release */,
			);
			defaultConfigurationIsVisible = 0;
		};
/* End XCConfigurationList section */
	};
	rootObject = 3C9333841A3794A2002EDD6F /* Project object */;
}
